
Microsoft Visual Studio Solution File, Format Version 12.00
# Visual Studio Version 16
VisualStudioVersion = 16.0.35229.62
MinimumVisualStudioVersion = 10.0.40219.1
Project("{FAE04EC0-301F-11D3-BF4B-00C04F79EFBC}") = "PortfolioWeb", "PortfolioWeb.csproj", "{3B7E8F8B-C833-48FE-9DBC-F77E9D28D8CB}"
EndProject
Global
	GlobalSection(SolutionConfigurationPlatforms) = preSolution
		Debug|Any CPU = Debug|Any CPU
		Release|Any CPU = Release|Any CPU
	EndGlobalSection
	GlobalSection(ProjectConfigurationPlatforms) = postSolution
		{3B7E8F8B-C833-48FE-9DBC-F77E9D28D8CB}.Debug|Any CPU.ActiveCfg = Debug|Any CPU
		{3B7E8F8B-C833-48FE-9DBC-F77E9D28D8CB}.Debug|Any CPU.Build.0 = Debug|Any CPU
		{3B7E8F8B-C833-48FE-9DBC-F77E9D28D8CB}.Release|Any CPU.ActiveCfg = Release|Any CPU
		{3B7E8F8B-C833-48FE-9DBC-F77E9D28D8CB}.Release|Any CPU.Build.0 = Release|Any CPU
	EndGlobalSection
	GlobalSection(SolutionProperties) = preSolution
		HideSolutionNode = FALSE
	EndGlobalSection
	GlobalSection(ExtensibilityGlobals) = postSolution
		SolutionGuid = {F7DF5245-F088-4DEC-A8F7-637FD9EA3F9D}
	EndGlobalSection
EndGlobal
